// !$*UTF8*$!
{
	archiveVersion = 1;
	classes = {
	};
	objectVersion = 56;
	objects = {

/* Begin PBXBuildFile section */
		A884F7752A630DA300E58D5A /* radioApp.swift in Sources */ = {isa = PBXBuildFile; fileRef = A884F7742A630DA300E58D5A /* radioApp.swift */; };
		A884F7772A630DA300E58D5A /* TempContentView.swift in Sources */ = {isa = PBXBuildFile; fileRef = A884F7762A630DA300E58D5A /* TempContentView.swift */; };
		A884F7792A630DA600E58D5A /* Assets.xcassets in Resources */ = {isa = PBXBuildFile; fileRef = A884F7782A630DA600E58D5A /* Assets.xcassets */; };
		A884F77C2A630DA600E58D5A /* Preview Assets.xcassets in Resources */ = {isa = PBXBuildFile; fileRef = A884F77B2A630DA600E58D5A /* Preview Assets.xcassets */; };
		A885BBED2A69C1BD007B06E8 /* azuracast_token.txt in Resources */ = {isa = PBXBuildFile; fileRef = A885BBEC2A69C1BD007B06E8 /* azuracast_token.txt */; };
		A89A89072A686924005E82F7 /* MetadataDelegate.swift in Sources */ = {isa = PBXBuildFile; fileRef = A89A88FC2A686924005E82F7 /* MetadataDelegate.swift */; };
		A89A89082A686924005E82F7 /* AssetPlayer.swift in Sources */ = {isa = PBXBuildFile; fileRef = A89A88FD2A686924005E82F7 /* AssetPlayer.swift */; };
		A89A890A2A686924005E82F7 /* NowPlayableMetadata.swift in Sources */ = {isa = PBXBuildFile; fileRef = A89A89002A686924005E82F7 /* NowPlayableMetadata.swift */; };
		A89A890B2A686924005E82F7 /* NowPlayable.swift in Sources */ = {isa = PBXBuildFile; fileRef = A89A89012A686924005E82F7 /* NowPlayable.swift */; };
		A89A890C2A686924005E82F7 /* IOSNowPlayableBehavior.swift in Sources */ = {isa = PBXBuildFile; fileRef = A89A89022A686924005E82F7 /* IOSNowPlayableBehavior.swift */; };
		A89A890D2A686924005E82F7 /* NowPlayableCommand.swift in Sources */ = {isa = PBXBuildFile; fileRef = A89A89032A686924005E82F7 /* NowPlayableCommand.swift */; };
		A89A890E2A686924005E82F7 /* RadioStation.swift in Sources */ = {isa = PBXBuildFile; fileRef = A89A89052A686924005E82F7 /* RadioStation.swift */; };
		A89A890F2A686924005E82F7 /* NowPlayingResponse.swift in Sources */ = {isa = PBXBuildFile; fileRef = A89A89062A686924005E82F7 /* NowPlayingResponse.swift */; };
/* End PBXBuildFile section */

/* Begin PBXContainerItemProxy section */
		A884F7822A630DA600E58D5A /* PBXContainerItemProxy */ = {
			isa = PBXContainerItemProxy;
			containerPortal = A884F7692A630DA300E58D5A /* Project object */;
			proxyType = 1;
			remoteGlobalIDString = A884F7702A630DA300E58D5A;
			remoteInfo = radio;
		};
		A884F78C2A630DA600E58D5A /* PBXContainerItemProxy */ = {
			isa = PBXContainerItemProxy;
			containerPortal = A884F7692A630DA300E58D5A /* Project object */;
			proxyType = 1;
			remoteGlobalIDString = A884F7702A630DA300E58D5A;
			remoteInfo = radio;
		};
/* End PBXContainerItemProxy section */

/* Begin PBXFileReference section */
		A884F7712A630DA300E58D5A /* radio.app */ = {isa = PBXFileReference; explicitFileType = wrapper.application; includeInIndex = 0; path = radio.app; sourceTree = BUILT_PRODUCTS_DIR; };
		A884F7742A630DA300E58D5A /* radioApp.swift */ = {isa = PBXFileReference; lastKnownFileType = sourcecode.swift; path = radioApp.swift; sourceTree = "<group>"; };
		A884F7762A630DA300E58D5A /* TempContentView.swift */ = {isa = PBXFileReference; lastKnownFileType = sourcecode.swift; path = TempContentView.swift; sourceTree = "<group>"; };
		A884F7782A630DA600E58D5A /* Assets.xcassets */ = {isa = PBXFileReference; lastKnownFileType = folder.assetcatalog; path = Assets.xcassets; sourceTree = "<group>"; };
		A884F77B2A630DA600E58D5A /* Preview Assets.xcassets */ = {isa = PBXFileReference; lastKnownFileType = folder.assetcatalog; path = "Preview Assets.xcassets"; sourceTree = "<group>"; };
		A884F7812A630DA600E58D5A /* radioTests.xctest */ = {isa = PBXFileReference; explicitFileType = wrapper.cfbundle; includeInIndex = 0; path = radioTests.xctest; sourceTree = BUILT_PRODUCTS_DIR; };
		A884F78B2A630DA600E58D5A /* radioUITests.xctest */ = {isa = PBXFileReference; explicitFileType = wrapper.cfbundle; includeInIndex = 0; path = radioUITests.xctest; sourceTree = BUILT_PRODUCTS_DIR; };
		A884F7A02A63E80700E58D5A /* Info.plist */ = {isa = PBXFileReference; lastKnownFileType = text.plist; path = Info.plist; sourceTree = "<group>"; };
		A885BBEC2A69C1BD007B06E8 /* azuracast_token.txt */ = {isa = PBXFileReference; lastKnownFileType = text; path = azuracast_token.txt; sourceTree = "<group>"; };
		A89A88FC2A686924005E82F7 /* MetadataDelegate.swift */ = {isa = PBXFileReference; fileEncoding = 4; lastKnownFileType = sourcecode.swift; path = MetadataDelegate.swift; sourceTree = "<group>"; };
		A89A88FD2A686924005E82F7 /* AssetPlayer.swift */ = {isa = PBXFileReference; fileEncoding = 4; lastKnownFileType = sourcecode.swift; path = AssetPlayer.swift; sourceTree = "<group>"; };
		A89A89002A686924005E82F7 /* NowPlayableMetadata.swift */ = {isa = PBXFileReference; fileEncoding = 4; lastKnownFileType = sourcecode.swift; path = NowPlayableMetadata.swift; sourceTree = "<group>"; };
		A89A89012A686924005E82F7 /* NowPlayable.swift */ = {isa = PBXFileReference; fileEncoding = 4; lastKnownFileType = sourcecode.swift; path = NowPlayable.swift; sourceTree = "<group>"; };
		A89A89022A686924005E82F7 /* IOSNowPlayableBehavior.swift */ = {isa = PBXFileReference; fileEncoding = 4; lastKnownFileType = sourcecode.swift; path = IOSNowPlayableBehavior.swift; sourceTree = "<group>"; };
		A89A89032A686924005E82F7 /* NowPlayableCommand.swift */ = {isa = PBXFileReference; fileEncoding = 4; lastKnownFileType = sourcecode.swift; path = NowPlayableCommand.swift; sourceTree = "<group>"; };
		A89A89052A686924005E82F7 /* RadioStation.swift */ = {isa = PBXFileReference; fileEncoding = 4; lastKnownFileType = sourcecode.swift; path = RadioStation.swift; sourceTree = "<group>"; };
		A89A89062A686924005E82F7 /* NowPlayingResponse.swift */ = {isa = PBXFileReference; fileEncoding = 4; lastKnownFileType = sourcecode.swift; path = NowPlayingResponse.swift; sourceTree = "<group>"; };
/* End PBXFileReference section */

/* Begin PBXFrameworksBuildPhase section */
		A884F76E2A630DA300E58D5A /* Frameworks */ = {
			isa = PBXFrameworksBuildPhase;
			buildActionMask = 2147483647;
			files = (
			);
			runOnlyForDeploymentPostprocessing = 0;
		};
		A884F77E2A630DA600E58D5A /* Frameworks */ = {
			isa = PBXFrameworksBuildPhase;
			buildActionMask = 2147483647;
			files = (
			);
			runOnlyForDeploymentPostprocessing = 0;
		};
		A884F7882A630DA600E58D5A /* Frameworks */ = {
			isa = PBXFrameworksBuildPhase;
			buildActionMask = 2147483647;
			files = (
			);
			runOnlyForDeploymentPostprocessing = 0;
		};
/* End PBXFrameworksBuildPhase section */

/* Begin PBXGroup section */
		A884F7682A630DA300E58D5A = {
			isa = PBXGroup;
			children = (
				A884F7732A630DA300E58D5A /* radio */,
				A884F7722A630DA300E58D5A /* Products */,
			);
			sourceTree = "<group>";
		};
		A884F7722A630DA300E58D5A /* Products */ = {
			isa = PBXGroup;
			children = (
				A884F7712A630DA300E58D5A /* radio.app */,
				A884F7812A630DA600E58D5A /* radioTests.xctest */,
				A884F78B2A630DA600E58D5A /* radioUITests.xctest */,
			);
			name = Products;
			sourceTree = "<group>";
		};
		A884F7732A630DA300E58D5A /* radio */ = {
			isa = PBXGroup;
			children = (
				A89A88FF2A686924005E82F7 /* NowPlayable */,
				A89A88FB2A686924005E82F7 /* Player */,
				A89A89042A686924005E82F7 /* RadioStation */,
				A884F7A02A63E80700E58D5A /* Info.plist */,
				A884F7742A630DA300E58D5A /* radioApp.swift */,
				A884F7762A630DA300E58D5A /* TempContentView.swift */,
				A884F7782A630DA600E58D5A /* Assets.xcassets */,
				A884F77A2A630DA600E58D5A /* Preview Content */,
				A885BBEC2A69C1BD007B06E8 /* azuracast_token.txt */,
			);
			path = radio;
			sourceTree = "<group>";
		};
		A884F77A2A630DA600E58D5A /* Preview Content */ = {
			isa = PBXGroup;
			children = (
				A884F77B2A630DA600E58D5A /* Preview Assets.xcassets */,
			);
			path = "Preview Content";
			sourceTree = "<group>";
		};
		A89A88FB2A686924005E82F7 /* Player */ = {
			isa = PBXGroup;
			children = (
				A89A88FC2A686924005E82F7 /* MetadataDelegate.swift */,
				A89A88FD2A686924005E82F7 /* AssetPlayer.swift */,
			);
			path = Player;
			sourceTree = "<group>";
		};
		A89A88FF2A686924005E82F7 /* NowPlayable */ = {
			isa = PBXGroup;
			children = (
				A89A89002A686924005E82F7 /* NowPlayableMetadata.swift */,
				A89A89012A686924005E82F7 /* NowPlayable.swift */,
				A89A89022A686924005E82F7 /* IOSNowPlayableBehavior.swift */,
				A89A89032A686924005E82F7 /* NowPlayableCommand.swift */,
			);
			path = NowPlayable;
			sourceTree = "<group>";
		};
		A89A89042A686924005E82F7 /* RadioStation */ = {
			isa = PBXGroup;
			children = (
				A89A89052A686924005E82F7 /* RadioStation.swift */,
				A89A89062A686924005E82F7 /* NowPlayingResponse.swift */,
			);
			path = RadioStation;
			sourceTree = "<group>";
		};
/* End PBXGroup section */

/* Begin PBXNativeTarget section */
		A884F7702A630DA300E58D5A /* radio */ = {
			isa = PBXNativeTarget;
			buildConfigurationList = A884F7952A630DA600E58D5A /* Build configuration list for PBXNativeTarget "radio" */;
			buildPhases = (
				A884F76D2A630DA300E58D5A /* Sources */,
				A884F76E2A630DA300E58D5A /* Frameworks */,
				A884F76F2A630DA300E58D5A /* Resources */,
			);
			buildRules = (
			);
			dependencies = (
			);
			name = radio;
			productName = radio;
			productReference = A884F7712A630DA300E58D5A /* radio.app */;
			productType = "com.apple.product-type.application";
		};
		A884F7802A630DA600E58D5A /* radioTests */ = {
			isa = PBXNativeTarget;
			buildConfigurationList = A884F7982A630DA600E58D5A /* Build configuration list for PBXNativeTarget "radioTests" */;
			buildPhases = (
				A884F77D2A630DA600E58D5A /* Sources */,
				A884F77E2A630DA600E58D5A /* Frameworks */,
				A884F77F2A630DA600E58D5A /* Resources */,
			);
			buildRules = (
			);
			dependencies = (
				A884F7832A630DA600E58D5A /* PBXTargetDependency */,
			);
			name = radioTests;
			productName = radioTests;
			productReference = A884F7812A630DA600E58D5A /* radioTests.xctest */;
			productType = "com.apple.product-type.bundle.unit-test";
		};
		A884F78A2A630DA600E58D5A /* radioUITests */ = {
			isa = PBXNativeTarget;
			buildConfigurationList = A884F79B2A630DA600E58D5A /* Build configuration list for PBXNativeTarget "radioUITests" */;
			buildPhases = (
				A884F7872A630DA600E58D5A /* Sources */,
				A884F7882A630DA600E58D5A /* Frameworks */,
				A884F7892A630DA600E58D5A /* Resources */,
			);
			buildRules = (
			);
			dependencies = (
				A884F78D2A630DA600E58D5A /* PBXTargetDependency */,
			);
			name = radioUITests;
			productName = radioUITests;
			productReference = A884F78B2A630DA600E58D5A /* radioUITests.xctest */;
			productType = "com.apple.product-type.bundle.ui-testing";
		};
/* End PBXNativeTarget section */

/* Begin PBXProject section */
		A884F7692A630DA300E58D5A /* Project object */ = {
			isa = PBXProject;
			attributes = {
				BuildIndependentTargetsInParallel = 1;
				LastSwiftUpdateCheck = 1430;
				LastUpgradeCheck = 1430;
				TargetAttributes = {
					A884F7702A630DA300E58D5A = {
						CreatedOnToolsVersion = 14.3.1;
					};
					A884F7802A630DA600E58D5A = {
						CreatedOnToolsVersion = 14.3.1;
						TestTargetID = A884F7702A630DA300E58D5A;
					};
					A884F78A2A630DA600E58D5A = {
						CreatedOnToolsVersion = 14.3.1;
						TestTargetID = A884F7702A630DA300E58D5A;
					};
				};
			};
			buildConfigurationList = A884F76C2A630DA300E58D5A /* Build configuration list for PBXProject "radio" */;
			compatibilityVersion = "Xcode 14.0";
			developmentRegion = en;
			hasScannedForEncodings = 0;
			knownRegions = (
				en,
				Base,
			);
			mainGroup = A884F7682A630DA300E58D5A;
			productRefGroup = A884F7722A630DA300E58D5A /* Products */;
			projectDirPath = "";
			projectRoot = "";
			targets = (
				A884F7702A630DA300E58D5A /* radio */,
				A884F7802A630DA600E58D5A /* radioTests */,
				A884F78A2A630DA600E58D5A /* radioUITests */,
			);
		};
/* End PBXProject section */

/* Begin PBXResourcesBuildPhase section */
		A884F76F2A630DA300E58D5A /* Resources */ = {
			isa = PBXResourcesBuildPhase;
			buildActionMask = 2147483647;
			files = (
				A884F77C2A630DA600E58D5A /* Preview Assets.xcassets in Resources */,
				A885BBED2A69C1BD007B06E8 /* azuracast_token.txt in Resources */,
				A884F7792A630DA600E58D5A /* Assets.xcassets in Resources */,
			);
			runOnlyForDeploymentPostprocessing = 0;
		};
		A884F77F2A630DA600E58D5A /* Resources */ = {
			isa = PBXResourcesBuildPhase;
			buildActionMask = 2147483647;
			files = (
			);
			runOnlyForDeploymentPostprocessing = 0;
		};
		A884F7892A630DA600E58D5A /* Resources */ = {
			isa = PBXResourcesBuildPhase;
			buildActionMask = 2147483647;
			files = (
			);
			runOnlyForDeploymentPostprocessing = 0;
		};
/* End PBXResourcesBuildPhase section */

/* Begin PBXSourcesBuildPhase section */
		A884F76D2A630DA300E58D5A /* Sources */ = {
			isa = PBXSourcesBuildPhase;
			buildActionMask = 2147483647;
			files = (
				A89A890B2A686924005E82F7 /* NowPlayable.swift in Sources */,
				A89A890D2A686924005E82F7 /* NowPlayableCommand.swift in Sources */,
				A884F7772A630DA300E58D5A /* TempContentView.swift in Sources */,
				A89A89082A686924005E82F7 /* AssetPlayer.swift in Sources */,
				A89A890C2A686924005E82F7 /* IOSNowPlayableBehavior.swift in Sources */,
				A89A890A2A686924005E82F7 /* NowPlayableMetadata.swift in Sources */,
				A89A890E2A686924005E82F7 /* RadioStation.swift in Sources */,
				A89A89072A686924005E82F7 /* MetadataDelegate.swift in Sources */,
				A884F7752A630DA300E58D5A /* radioApp.swift in Sources */,
				A89A890F2A686924005E82F7 /* NowPlayingResponse.swift in Sources */,
			);
			runOnlyForDeploymentPostprocessing = 0;
		};
		A884F77D2A630DA600E58D5A /* Sources */ = {
			isa = PBXSourcesBuildPhase;
			buildActionMask = 2147483647;
			files = (
			);
			runOnlyForDeploymentPostprocessing = 0;
		};
		A884F7872A630DA600E58D5A /* Sources */ = {
			isa = PBXSourcesBuildPhase;
			buildActionMask = 2147483647;
			files = (
			);
			runOnlyForDeploymentPostprocessing = 0;
		};
/* End PBXSourcesBuildPhase section */

/* Begin PBXTargetDependency section */
		A884F7832A630DA600E58D5A /* PBXTargetDependency */ = {
			isa = PBXTargetDependency;
			target = A884F7702A630DA300E58D5A /* radio */;
			targetProxy = A884F7822A630DA600E58D5A /* PBXContainerItemProxy */;
		};
		A884F78D2A630DA600E58D5A /* PBXTargetDependency */ = {
			isa = PBXTargetDependency;
			target = A884F7702A630DA300E58D5A /* radio */;
			targetProxy = A884F78C2A630DA600E58D5A /* PBXContainerItemProxy */;
		};
/* End PBXTargetDependency section */

/* Begin XCBuildConfiguration section */
		A884F7932A630DA600E58D5A /* Debug */ = {
			isa = XCBuildConfiguration;
			buildSettings = {
				ALWAYS_SEARCH_USER_PATHS = NO;
				CLANG_ANALYZER_NONNULL = YES;
				CLANG_ANALYZER_NUMBER_OBJECT_CONVERSION = YES_AGGRESSIVE;
				CLANG_CXX_LANGUAGE_STANDARD = "gnu++20";
				CLANG_ENABLE_MODULES = YES;
				CLANG_ENABLE_OBJC_ARC = YES;
				CLANG_ENABLE_OBJC_WEAK = YES;
				CLANG_WARN_BLOCK_CAPTURE_AUTORELEASING = YES;
				CLANG_WARN_BOOL_CONVERSION = YES;
				CLANG_WARN_COMMA = YES;
				CLANG_WARN_CONSTANT_CONVERSION = YES;
				CLANG_WARN_DEPRECATED_OBJC_IMPLEMENTATIONS = YES;
				CLANG_WARN_DIRECT_OBJC_ISA_USAGE = YES_ERROR;
				CLANG_WARN_DOCUMENTATION_COMMENTS = YES;
				CLANG_WARN_EMPTY_BODY = YES;
				CLANG_WARN_ENUM_CONVERSION = YES;
				CLANG_WARN_INFINITE_RECURSION = YES;
				CLANG_WARN_INT_CONVERSION = YES;
				CLANG_WARN_NON_LITERAL_NULL_CONVERSION = YES;
				CLANG_WARN_OBJC_IMPLICIT_RETAIN_SELF = YES;
				CLANG_WARN_OBJC_LITERAL_CONVERSION = YES;
				CLANG_WARN_OBJC_ROOT_CLASS = YES_ERROR;
				CLANG_WARN_QUOTED_INCLUDE_IN_FRAMEWORK_HEADER = YES;
				CLANG_WARN_RANGE_LOOP_ANALYSIS = YES;
				CLANG_WARN_STRICT_PROTOTYPES = YES;
				CLANG_WARN_SUSPICIOUS_MOVE = YES;
				CLANG_WARN_UNGUARDED_AVAILABILITY = YES_AGGRESSIVE;
				CLANG_WARN_UNREACHABLE_CODE = YES;
				CLANG_WARN__DUPLICATE_METHOD_MATCH = YES;
				COPY_PHASE_STRIP = NO;
				DEBUG_INFORMATION_FORMAT = dwarf;
				ENABLE_STRICT_OBJC_MSGSEND = YES;
				ENABLE_TESTABILITY = YES;
				GCC_C_LANGUAGE_STANDARD = gnu11;
				GCC_DYNAMIC_NO_PIC = NO;
				GCC_NO_COMMON_BLOCKS = YES;
				GCC_OPTIMIZATION_LEVEL = 0;
				GCC_PREPROCESSOR_DEFINITIONS = (
					"DEBUG=1",
					"$(inherited)",
				);
				GCC_WARN_64_TO_32_BIT_CONVERSION = YES;
				GCC_WARN_ABOUT_RETURN_TYPE = YES_ERROR;
				GCC_WARN_UNDECLARED_SELECTOR = YES;
				GCC_WARN_UNINITIALIZED_AUTOS = YES_AGGRESSIVE;
				GCC_WARN_UNUSED_FUNCTION = YES;
				GCC_WARN_UNUSED_VARIABLE = YES;
				IPHONEOS_DEPLOYMENT_TARGET = 16.4;
				MTL_ENABLE_DEBUG_INFO = INCLUDE_SOURCE;
				MTL_FAST_MATH = YES;
				ONLY_ACTIVE_ARCH = YES;
				SDKROOT = iphoneos;
				SWIFT_ACTIVE_COMPILATION_CONDITIONS = DEBUG;
				SWIFT_OPTIMIZATION_LEVEL = "-Onone";
			};
			name = Debug;
		};
		A884F7942A630DA600E58D5A /* Release */ = {
			isa = XCBuildConfiguration;
			buildSettings = {
				ALWAYS_SEARCH_USER_PATHS = NO;
				CLANG_ANALYZER_NONNULL = YES;
				CLANG_ANALYZER_NUMBER_OBJECT_CONVERSION = YES_AGGRESSIVE;
				CLANG_CXX_LANGUAGE_STANDARD = "gnu++20";
				CLANG_ENABLE_MODULES = YES;
				CLANG_ENABLE_OBJC_ARC = YES;
				CLANG_ENABLE_OBJC_WEAK = YES;
				CLANG_WARN_BLOCK_CAPTURE_AUTORELEASING = YES;
				CLANG_WARN_BOOL_CONVERSION = YES;
				CLANG_WARN_COMMA = YES;
				CLANG_WARN_CONSTANT_CONVERSION = YES;
				CLANG_WARN_DEPRECATED_OBJC_IMPLEMENTATIONS = YES;
				CLANG_WARN_DIRECT_OBJC_ISA_USAGE = YES_ERROR;
				CLANG_WARN_DOCUMENTATION_COMMENTS = YES;
				CLANG_WARN_EMPTY_BODY = YES;
				CLANG_WARN_ENUM_CONVERSION = YES;
				CLANG_WARN_INFINITE_RECURSION = YES;
				CLANG_WARN_INT_CONVERSION = YES;
				CLANG_WARN_NON_LITERAL_NULL_CONVERSION = YES;
				CLANG_WARN_OBJC_IMPLICIT_RETAIN_SELF = YES;
				CLANG_WARN_OBJC_LITERAL_CONVERSION = YES;
				CLANG_WARN_OBJC_ROOT_CLASS = YES_ERROR;
				CLANG_WARN_QUOTED_INCLUDE_IN_FRAMEWORK_HEADER = YES;
				CLANG_WARN_RANGE_LOOP_ANALYSIS = YES;
				CLANG_WARN_STRICT_PROTOTYPES = YES;
				CLANG_WARN_SUSPICIOUS_MOVE = YES;
				CLANG_WARN_UNGUARDED_AVAILABILITY = YES_AGGRESSIVE;
				CLANG_WARN_UNREACHABLE_CODE = YES;
				CLANG_WARN__DUPLICATE_METHOD_MATCH = YES;
				COPY_PHASE_STRIP = NO;
				DEBUG_INFORMATION_FORMAT = "dwarf-with-dsym";
				ENABLE_NS_ASSERTIONS = NO;
				ENABLE_STRICT_OBJC_MSGSEND = YES;
				GCC_C_LANGUAGE_STANDARD = gnu11;
				GCC_NO_COMMON_BLOCKS = YES;
				GCC_WARN_64_TO_32_BIT_CONVERSION = YES;
				GCC_WARN_ABOUT_RETURN_TYPE = YES_ERROR;
				GCC_WARN_UNDECLARED_SELECTOR = YES;
				GCC_WARN_UNINITIALIZED_AUTOS = YES_AGGRESSIVE;
				GCC_WARN_UNUSED_FUNCTION = YES;
				GCC_WARN_UNUSED_VARIABLE = YES;
				IPHONEOS_DEPLOYMENT_TARGET = 16.4;
				MTL_ENABLE_DEBUG_INFO = NO;
				MTL_FAST_MATH = YES;
				SDKROOT = iphoneos;
				SWIFT_COMPILATION_MODE = wholemodule;
				SWIFT_OPTIMIZATION_LEVEL = "-O";
				VALIDATE_PRODUCT = YES;
			};
			name = Release;
		};
		A884F7962A630DA600E58D5A /* Debug */ = {
			isa = XCBuildConfiguration;
			buildSettings = {
				ASSETCATALOG_COMPILER_APPICON_NAME = AppIcon;
				ASSETCATALOG_COMPILER_GLOBAL_ACCENT_COLOR_NAME = AccentColor;
				CODE_SIGN_STYLE = Automatic;
				CURRENT_PROJECT_VERSION = 1;
				DEVELOPMENT_ASSET_PATHS = "\"radio/Preview Content\"";
				DEVELOPMENT_TEAM = U8Z97G4UB2;
				ENABLE_PREVIEWS = YES;
				GENERATE_INFOPLIST_FILE = YES;
				INFOPLIST_FILE = radio/Info.plist;
				INFOPLIST_KEY_CFBundleDisplayName = molten_death.exe;
				INFOPLIST_KEY_LSApplicationCategoryType = "public.app-category.music";
				INFOPLIST_KEY_UIApplicationSceneManifest_Generation = YES;
				INFOPLIST_KEY_UIApplicationSupportsIndirectInputEvents = YES;
				INFOPLIST_KEY_UILaunchScreen_Generation = YES;
				INFOPLIST_KEY_UISupportedInterfaceOrientations = UIInterfaceOrientationPortrait;
				LD_RUNPATH_SEARCH_PATHS = (
					"$(inherited)",
					"@executable_path/Frameworks",
				);
				MARKETING_VERSION = 1.0;
				PRODUCT_BUNDLE_IDENTIFIER = media.castberg.radio;
				PRODUCT_NAME = "$(TARGET_NAME)";
				SWIFT_EMIT_LOC_STRINGS = YES;
				SWIFT_VERSION = 5.0;
				TARGETED_DEVICE_FAMILY = "1,2";
			};
			name = Debug;
		};
		A884F7972A630DA600E58D5A /* Release */ = {
			isa = XCBuildConfiguration;
			buildSettings = {
				ASSETCATALOG_COMPILER_APPICON_NAME = AppIcon;
				ASSETCATALOG_COMPILER_GLOBAL_ACCENT_COLOR_NAME = AccentColor;
				CODE_SIGN_STYLE = Automatic;
				CURRENT_PROJECT_VERSION = 1;
				DEVELOPMENT_ASSET_PATHS = "\"radio/Preview Content\"";
				DEVELOPMENT_TEAM = U8Z97G4UB2;
				ENABLE_PREVIEWS = YES;
				GENERATE_INFOPLIST_FILE = YES;
				INFOPLIST_FILE = radio/Info.plist;
				INFOPLIST_KEY_CFBundleDisplayName = molten_death.exe;
				INFOPLIST_KEY_LSApplicationCategoryType = "public.app-category.music";
				INFOPLIST_KEY_UIApplicationSceneManifest_Generation = YES;
				INFOPLIST_KEY_UIApplicationSupportsIndirectInputEvents = YES;
				INFOPLIST_KEY_UILaunchScreen_Generation = YES;
				INFOPLIST_KEY_UISupportedInterfaceOrientations = UIInterfaceOrientationPortrait;
				LD_RUNPATH_SEARCH_PATHS = (
					"$(inherited)",
					"@executable_path/Frameworks",
				);
				MARKETING_VERSION = 1.0;
				PRODUCT_BUNDLE_IDENTIFIER = media.castberg.radio;
				PRODUCT_NAME = "$(TARGET_NAME)";
				SWIFT_EMIT_LOC_STRINGS = YES;
				SWIFT_VERSION = 5.0;
				TARGETED_DEVICE_FAMILY = "1,2";
			};
			name = Release;
		};
		A884F7992A630DA600E58D5A /* Debug */ = {
			isa = XCBuildConfiguration;
			buildSettings = {
				ALWAYS_EMBED_SWIFT_STANDARD_LIBRARIES = YES;
				BUNDLE_LOADER = "$(TEST_HOST)";
				CODE_SIGN_STYLE = Automatic;
				CURRENT_PROJECT_VERSION = 1;
				GENERATE_INFOPLIST_FILE = YES;
				IPHONEOS_DEPLOYMENT_TARGET = 16.4;
				MARKETING_VERSION = 1.0;
				PRODUCT_BUNDLE_IDENTIFIER = media.castberg.radioTests;
				PRODUCT_NAME = "$(TARGET_NAME)";
				SWIFT_EMIT_LOC_STRINGS = NO;
				SWIFT_VERSION = 5.0;
				TARGETED_DEVICE_FAMILY = "1,2";
				TEST_HOST = "$(BUILT_PRODUCTS_DIR)/radio.app/$(BUNDLE_EXECUTABLE_FOLDER_PATH)/radio";
			};
			name = Debug;
		};
		A884F79A2A630DA600E58D5A /* Release */ = {
			isa = XCBuildConfiguration;
			buildSettings = {
				ALWAYS_EMBED_SWIFT_STANDARD_LIBRARIES = YES;
				BUNDLE_LOADER = "$(TEST_HOST)";
				CODE_SIGN_STYLE = Automatic;
				CURRENT_PROJECT_VERSION = 1;
				GENERATE_INFOPLIST_FILE = YES;
				IPHONEOS_DEPLOYMENT_TARGET = 16.4;
				MARKETING_VERSION = 1.0;
				PRODUCT_BUNDLE_IDENTIFIER = media.castberg.radioTests;
				PRODUCT_NAME = "$(TARGET_NAME)";
				SWIFT_EMIT_LOC_STRINGS = NO;
				SWIFT_VERSION = 5.0;
				TARGETED_DEVICE_FAMILY = "1,2";
				TEST_HOST = "$(BUILT_PRODUCTS_DIR)/radio.app/$(BUNDLE_EXECUTABLE_FOLDER_PATH)/radio";
			};
			name = Release;
		};
		A884F79C2A630DA600E58D5A /* Debug */ = {
			isa = XCBuildConfiguration;
			buildSettings = {
				ALWAYS_EMBED_SWIFT_STANDARD_LIBRARIES = YES;
				CODE_SIGN_STYLE = Automatic;
				CURRENT_PROJECT_VERSION = 1;
				GENERATE_INFOPLIST_FILE = YES;
				MARKETING_VERSION = 1.0;
				PRODUCT_BUNDLE_IDENTIFIER = media.castberg.radioUITests;
				PRODUCT_NAME = "$(TARGET_NAME)";
				SWIFT_EMIT_LOC_STRINGS = NO;
				SWIFT_VERSION = 5.0;
				TARGETED_DEVICE_FAMILY = "1,2";
				TEST_TARGET_NAME = radio;
			};
			name = Debug;
		};
		A884F79D2A630DA600E58D5A /* Release */ = {
			isa = XCBuildConfiguration;
			buildSettings = {
				ALWAYS_EMBED_SWIFT_STANDARD_LIBRARIES = YES;
				CODE_SIGN_STYLE = Automatic;
				CURRENT_PROJECT_VERSION = 1;
				GENERATE_INFOPLIST_FILE = YES;
				MARKETING_VERSION = 1.0;
				PRODUCT_BUNDLE_IDENTIFIER = media.castberg.radioUITests;
				PRODUCT_NAME = "$(TARGET_NAME)";
				SWIFT_EMIT_LOC_STRINGS = NO;
				SWIFT_VERSION = 5.0;
				TARGETED_DEVICE_FAMILY = "1,2";
				TEST_TARGET_NAME = radio;
			};
			name = Release;
		};
/* End XCBuildConfiguration section */

/* Begin XCConfigurationList section */
		A884F76C2A630DA300E58D5A /* Build configuration list for PBXProject "radio" */ = {
			isa = XCConfigurationList;
			buildConfigurations = (
				A884F7932A630DA600E58D5A /* Debug */,
				A884F7942A630DA600E58D5A /* Release */,
			);
			defaultConfigurationIsVisible = 0;
			defaultConfigurationName = Release;
		};
		A884F7952A630DA600E58D5A /* Build configuration list for PBXNativeTarget "radio" */ = {
			isa = XCConfigurationList;
			buildConfigurations = (
				A884F7962A630DA600E58D5A /* Debug */,
				A884F7972A630DA600E58D5A /* Release */,
			);
			defaultConfigurationIsVisible = 0;
			defaultConfigurationName = Release;
		};
		A884F7982A630DA600E58D5A /* Build configuration list for PBXNativeTarget "radioTests" */ = {
			isa = XCConfigurationList;
			buildConfigurations = (
				A884F7992A630DA600E58D5A /* Debug */,
				A884F79A2A630DA600E58D5A /* Release */,
			);
			defaultConfigurationIsVisible = 0;
			defaultConfigurationName = Release;
		};
		A884F79B2A630DA600E58D5A /* Build configuration list for PBXNativeTarget "radioUITests" */ = {
			isa = XCConfigurationList;
			buildConfigurations = (
				A884F79C2A630DA600E58D5A /* Debug */,
				A884F79D2A630DA600E58D5A /* Release */,
			);
			defaultConfigurationIsVisible = 0;
			defaultConfigurationName = Release;
		};
/* End XCConfigurationList section */
	};
	rootObject = A884F7692A630DA300E58D5A /* Project object */;
}
